{
  "requires": true,
  "lockfileVersion": 1,
  "dependencies": {
    "destyle.css": {
      "version": "1.0.14",
      "resolved": "https://registry.npmjs.org/destyle.css/-/destyle.css-1.0.14.tgz",
      "integrity": "sha512-vQ1rbcmMLH1hpmymgRs6P4NZGDYlXM9f9iEWK6B6KyInvuzCFoFPh8W9ggmZ6Jdea55sIc9bC/goVWUx0xGg4A=="
    }
  }
}
